{
  "name": "crispr-crunch",
  "version": "0.0.1",
  "lockfileVersion": 1,
  "requires": true,
  "dependencies": {
    "@pixi/constants": {
      "version": "5.3.3",
      "resolved": "https://registry.npmjs.org/@pixi/constants/-/constants-5.3.3.tgz",
      "integrity": "sha512-IybgxzLlEPm7ihp70cLNKc3IPyqkFuW+idk9Zw2St+OayJTw5ctCnLAg9cducwIVHjPYTvN46BYDa+n0KRWZYw==",
      "dev": true
    },
    "@pixi/core": {
      "version": "5.3.3",
      "resolved": "https://registry.npmjs.org/@pixi/core/-/core-5.3.3.tgz",
      "integrity": "sha512-taw50LnzV+TQVMx5HQA2ZJgF9wuhZ6DeoXHW2KkevYB0ekKYnEO2VMMiRDMcmchtyvHclJebzjeHZLGqDtKDgw==",
      "dev": true,
      "requires": {
        "@pixi/constants": "5.3.3",
        "@pixi/math": "5.3.3",
        "@pixi/runner": "5.3.3",
        "@pixi/settings": "5.3.3",
        "@pixi/ticker": "5.3.3",
        "@pixi/utils": "5.3.3"
      }
    },
    "@pixi/filter-alpha": {
      "version": "5.3.3",
      "resolved": "https://registry.npmjs.org/@pixi/filter-alpha/-/filter-alpha-5.3.3.tgz",
      "integrity": "sha512-AxyHLnvO892va9raZbMMtMtEGDVqO8SvEHHNnCjTBEZ67kVKy0HEYXFOBA6nJZ6BiTgGp9js+7kevi11tfqnJQ==",
      "dev": true,
      "requires": {
        "@pixi/core": "5.3.3"
      }
    },
    "@pixi/math": {
      "version": "5.3.3",
      "resolved": "https://registry.npmjs.org/@pixi/math/-/math-5.3.3.tgz",
      "integrity": "sha512-k5C3kQpxlGm2AdBJEUjjW2l2YlSvTKf+54vNOjD4UcEfRoDevC5p4Zg49q3UAu855lrs5qw49AbkrFKsQvPIRA==",
      "dev": true
    },
    "@pixi/runner": {
      "version": "5.3.3",
      "resolved": "https://registry.npmjs.org/@pixi/runner/-/runner-5.3.3.tgz",
      "integrity": "sha512-7eLZxxT+PwxuwzcRL1egrnEdLHwD41yFb24pMSo6XM86ppP1tdBjrv5+pLDnUuDEfNjZQxx07FAlZY+sMKANmw==",
      "dev": true
    },
    "@pixi/settings": {
      "version": "5.3.3",
      "resolved": "https://registry.npmjs.org/@pixi/settings/-/settings-5.3.3.tgz",
      "integrity": "sha512-1MYJokqpPUtvYEX0BVi0Pq2Xi6KGmWDV5hlQnTXY9NGv6tmqrPYvIb/uHFaDyVUWmrqsFL3xZ4W5zMo+c/dwVA==",
      "dev": true,
      "requires": {
        "ismobilejs": "^1.1.0"
      }
    },
    "@pixi/ticker": {
      "version": "5.3.3",
      "resolved": "https://registry.npmjs.org/@pixi/ticker/-/ticker-5.3.3.tgz",
      "integrity": "sha512-p5F/dwJGwfZWUg5cCPqOnEx5iYGW+huQlZZtrTKKd1KoVehFsrzHeRBOEp4d584jsOmBf7fjJaUTyzsFn0YtOQ==",
      "dev": true,
      "requires": {
        "@pixi/settings": "5.3.3"
      }
    },
    "@pixi/utils": {
      "version": "5.3.3",
      "resolved": "https://registry.npmjs.org/@pixi/utils/-/utils-5.3.3.tgz",
      "integrity": "sha512-GDP2h1Mph9Uei4zmJjzDK6GZ5S9O2A09VySVfWyKgWwP3SQ/Ss0bGYm4sE6+u1NMSz1WCrLgu66H82XuXs2Cbg==",
      "dev": true,
      "requires": {
        "@pixi/constants": "5.3.3",
        "@pixi/settings": "5.3.3",
        "earcut": "^2.1.5",
        "eventemitter3": "^3.1.0",
        "url": "^0.11.0"
      }
    },
    "earcut": {
      "version": "2.2.2",
      "resolved": "https://registry.npmjs.org/earcut/-/earcut-2.2.2.tgz",
      "integrity": "sha512-eZoZPPJcUHnfRZ0PjLvx2qBordSiO8ofC3vt+qACLM95u+4DovnbYNpQtJh0DNsWj8RnxrQytD4WA8gj5cRIaQ==",
      "dev": true
    },
    "eventemitter3": {
      "version": "3.1.2",
      "resolved": "https://registry.npmjs.org/eventemitter3/-/eventemitter3-3.1.2.tgz",
      "integrity": "sha512-tvtQIeLVHjDkJYnzf2dgVMxfuSGJeM/7UCG17TT4EumTfNtF+0nebF/4zWOIkCreAbtNqhGEboB6BWrwqNaw4Q==",
      "dev": true
    },
    "ismobilejs": {
      "version": "1.1.1",
      "resolved": "https://registry.npmjs.org/ismobilejs/-/ismobilejs-1.1.1.tgz",
      "integrity": "sha512-VaFW53yt8QO61k2WJui0dHf4SlL8lxBofUuUmwBo0ljPk0Drz2TiuDW4jo3wDcv41qy/SxrJ+VAzJ/qYqsmzRw==",
      "dev": true
    },
    "prettier": {
      "version": "2.0.5",
      "resolved": "https://registry.npmjs.org/prettier/-/prettier-2.0.5.tgz",
      "integrity": "sha512-7PtVymN48hGcO4fGjybyBSIWDsLU4H4XlvOHfq91pz9kkGlonzwTfYkaIEwiRg/dAJF9YlbsduBAgtYLi+8cFg==",
      "dev": true
    },
    "punycode": {
      "version": "1.3.2",
      "resolved": "https://registry.npmjs.org/punycode/-/punycode-1.3.2.tgz",
      "integrity": "sha1-llOgNvt8HuQjQvIyXM7v6jkmxI0=",
      "dev": true
    },
    "querystring": {
      "version": "0.2.0",
      "resolved": "https://registry.npmjs.org/querystring/-/querystring-0.2.0.tgz",
      "integrity": "sha1-sgmEkgO7Jd+CDadW50cAWHhSFiA=",
      "dev": true
    },
    "url": {
      "version": "0.11.0",
      "resolved": "https://registry.npmjs.org/url/-/url-0.11.0.tgz",
      "integrity": "sha1-ODjpfPxgUh63PFJajlW/3Z4uKPE=",
      "dev": true,
      "requires": {
        "punycode": "1.3.2",
        "querystring": "0.2.0"
      }
    }
  }
}
